{
  "name": "towers-of-hanoi",
  "lockfileVersion": 2,
  "requires": true,
  "packages": {
    "": {
      "dependencies": {
        "confetti-js": "^0.0.18",
        "party-js": "^2.0.1"
      }
    },
    "node_modules/confetti-js": {
      "version": "0.0.18",
      "resolved": "https://registry.npmjs.org/confetti-js/-/confetti-js-0.0.18.tgz",
      "integrity": "sha512-0B7pYmZGBZuBkN32ydjWRpJLfRUT9KZYkQKkC4SGrAsUq0XE2DLY5foCWBXMXXVg7sFKs3qIb+qsDx1eFTeSvA=="
    },
    "node_modules/party-js": {
      "version": "2.0.1",
      "resolved": "https://registry.npmjs.org/party-js/-/party-js-2.0.1.tgz",
      "integrity": "sha512-EUb3F/2JoFfMTZncr0HeFfPnsK4VFmTMUUThk7IpG4Byb32Rxoyfj7NN8Zab3yqOp+y3ZWBW/T5YzZ/PCfJVRQ=="
    }
  },
  "dependencies": {
    "confetti-js": {
      "version": "0.0.18",
      "resolved": "https://registry.npmjs.org/confetti-js/-/confetti-js-0.0.18.tgz",
      "integrity": "sha512-0B7pYmZGBZuBkN32ydjWRpJLfRUT9KZYkQKkC4SGrAsUq0XE2DLY5foCWBXMXXVg7sFKs3qIb+qsDx1eFTeSvA=="
    },
    "party-js": {
      "version": "2.0.1",
      "resolved": "https://registry.npmjs.org/party-js/-/party-js-2.0.1.tgz",
      "integrity": "sha512-EUb3F/2JoFfMTZncr0HeFfPnsK4VFmTMUUThk7IpG4Byb32Rxoyfj7NN8Zab3yqOp+y3ZWBW/T5YzZ/PCfJVRQ=="
    }
  }
}
